// !$*UTF8*$!
{
	archiveVersion = 1;
	classes = {
	};
	objectVersion = 70;
	objects = {

/* Begin PBXBuildFile section */
		0219B44D2AE755550043D4B2 /* FirebaseAnalytics in Frameworks */ = {isa = PBXBuildFile; productRef = 0219B44C2AE755550043D4B2 /* FirebaseAnalytics */; };
		0219B4512AE755550043D4B2 /* FirebaseAuth in Frameworks */ = {isa = PBXBuildFile; productRef = 0219B4502AE755550043D4B2 /* FirebaseAuth */; };
		0219B4532AE755550043D4B2 /* FirebaseCrashlytics in Frameworks */ = {isa = PBXBuildFile; productRef = 0219B4522AE755550043D4B2 /* FirebaseCrashlytics */; };
		0219B4592AE755550043D4B2 /* FirebasePerformance in Frameworks */ = {isa = PBXBuildFile; productRef = 0219B4582AE755550043D4B2 /* FirebasePerformance */; };
		022684722DEA104A0053A48A /* AppInitializers in Frameworks */ = {isa = PBXBuildFile; productRef = 022684712DEA104A0053A48A /* AppInitializers */; };
		0228D9752A63219500E82209 /* Factory in Frameworks */ = {isa = PBXBuildFile; productRef = 0228D9742A63219500E82209 /* Factory */; };
		0296EB53301D398700840B06 /* FirebaseFirestore in Frameworks */ = {isa = PBXBuildFile; productRef = 0296EB52301D398700840B06 /* FirebaseFirestore */; };
		02FF81512F096D2E007ACD28 /* ThemeUI in Frameworks */ = {isa = PBXBuildFile; productRef = 02FF81502F096D2E007ACD28 /* ThemeUI */; };
/* End PBXBuildFile section */

/* Begin PBXContainerItemProxy section */
		02BA11722A195E0300BF0416 /* PBXContainerItemProxy */ = {
			isa = PBXContainerItemProxy;
			containerPortal = 02BA11592A195E0000BF0416 /* Project object */;
			proxyType = 1;
			remoteGlobalIDString = 02BA11602A195E0000BF0416;
			remoteInfo = TeeTimeCaddie;
		};
		02BA117C2A195E0300BF0416 /* PBXContainerItemProxy */ = {
			isa = PBXContainerItemProxy;
			containerPortal = 02BA11592A195E0000BF0416 /* Project object */;
			proxyType = 1;
			remoteGlobalIDString = 02BA11602A195E0000BF0416;
			remoteInfo = TeeTimeCaddie;
		};
/* End PBXContainerItemProxy section */

/* Begin PBXCopyFilesBuildPhase section */
		02A816A12BA37E650068F359 /* Embed Frameworks */ = {
			isa = PBXCopyFilesBuildPhase;
			buildActionMask = 2147483647;
			dstPath = "";
			dstSubfolderSpec = 10;
			files = (
			);
			name = "Embed Frameworks";
			runOnlyForDeploymentPostprocessing = 0;
		};
/* End PBXCopyFilesBuildPhase section */

/* Begin PBXFileReference section */
		02BA11612A195E0000BF0416 /* TeeTimeCaddie.app */ = {isa = PBXFileReference; explicitFileType = wrapper.application; includeInIndex = 0; path = TeeTimeCaddie.app; sourceTree = BUILT_PRODUCTS_DIR; };
		02BA11712A195E0300BF0416 /* TeeTimeCaddieTests.xctest */ = {isa = PBXFileReference; explicitFileType = wrapper.cfbundle; includeInIndex = 0; path = TeeTimeCaddieTests.xctest; sourceTree = BUILT_PRODUCTS_DIR; };
		02BA117B2A195E0300BF0416 /* TeeTimeCaddieUITests.xctest */ = {isa = PBXFileReference; explicitFileType = wrapper.cfbundle; includeInIndex = 0; path = TeeTimeCaddieUITests.xctest; sourceTree = BUILT_PRODUCTS_DIR; };
/* End PBXFileReference section */

/* Begin PBXFileSystemSynchronizedBuildFileExceptionSet section */
		0296EB4F301D342300840B06 /* PBXFileSystemSynchronizedBuildFileExceptionSet */ = {
			isa = PBXFileSystemSynchronizedBuildFileExceptionSet;
			membershipExceptions = (
				TeeTimeCaddieUITests/TeeTimeCaddieUITests.swift,
				TeeTimeCaddieUITests/TeeTimeCaddieUITestsLaunchTests.swift,
			);
			target = 02BA11702A195E0300BF0416 /* TeeTimeCaddieTests */;
		};
		0296EB50301D342300840B06 /* PBXFileSystemSynchronizedBuildFileExceptionSet */ = {
			isa = PBXFileSystemSynchronizedBuildFileExceptionSet;
			membershipExceptions = (
				TeeTimeCaddieUITests/TeeTimeCaddieUITests.swift,
				TeeTimeCaddieUITests/TeeTimeCaddieUITestsLaunchTests.swift,
			);
			target = 02BA117A2A195E0300BF0416 /* TeeTimeCaddieUITests */;
		};
		02E4B25E2F1160CA00B385C1 /* PBXFileSystemSynchronizedBuildFileExceptionSet */ = {
			isa = PBXFileSystemSynchronizedBuildFileExceptionSet;
			membershipExceptions = (
				Resources/Info.plist,
			);
			target = 02BA11602A195E0000BF0416 /* TeeTimeCaddie */;
		};
/* End PBXFileSystemSynchronizedBuildFileExceptionSet section */

/* Begin PBXFileSystemSynchronizedRootGroup section */
		02E4B1D42F1160CA00B385C1 /* TeeTimeCaddieTests */ = {isa = PBXFileSystemSynchronizedRootGroup; exceptions = (0296EB4F301D342300840B06 /* PBXFileSystemSynchronizedBuildFileExceptionSet */, 0296EB50301D342300840B06 /* PBXFileSystemSynchronizedBuildFileExceptionSet */, ); explicitFileTypes = {}; explicitFolders = (); path = TeeTimeCaddieTests; sourceTree = "<group>"; };
		02E4B2282F1160CA00B385C1 /* TeeTimeCaddie */ = {isa = PBXFileSystemSynchronizedRootGroup; exceptions = (02E4B25E2F1160CA00B385C1 /* PBXFileSystemSynchronizedBuildFileExceptionSet */, ); explicitFileTypes = {}; explicitFolders = (); path = TeeTimeCaddie; sourceTree = "<group>"; };
/* End PBXFileSystemSynchronizedRootGroup section */

/* Begin PBXFrameworksBuildPhase section */
		02BA115E2A195E0000BF0416 /* Frameworks */ = {
			isa = PBXFrameworksBuildPhase;
			buildActionMask = 2147483647;
			files = (
				0219B4592AE755550043D4B2 /* FirebasePerformance in Frameworks */,
				022684722DEA104A0053A48A /* AppInitializers in Frameworks */,
				0228D9752A63219500E82209 /* Factory in Frameworks */,
				0219B44D2AE755550043D4B2 /* FirebaseAnalytics in Frameworks */,
				02FF81512F096D2E007ACD28 /* ThemeUI in Frameworks */,
				0296EB53301D398700840B06 /* FirebaseFirestore in Frameworks */,
				0219B4532AE755550043D4B2 /* FirebaseCrashlytics in Frameworks */,
				0219B4512AE755550043D4B2 /* FirebaseAuth in Frameworks */,
			);
			runOnlyForDeploymentPostprocessing = 0;
		};
		02BA116E2A195E0300BF0416 /* Frameworks */ = {
			isa = PBXFrameworksBuildPhase;
			buildActionMask = 2147483647;
			files = (
			);
			runOnlyForDeploymentPostprocessing = 0;
		};
		02BA11782A195E0300BF0416 /* Frameworks */ = {
			isa = PBXFrameworksBuildPhase;
			buildActionMask = 2147483647;
			files = (
			);
			runOnlyForDeploymentPostprocessing = 0;
		};
/* End PBXFrameworksBuildPhase section */

/* Begin PBXGroup section */
		0296EB51301D398700840B06 /* Frameworks */ = {
			isa = PBXGroup;
			children = (
			);
			name = Frameworks;
			sourceTree = "<group>";
		};
		02BA11582A195E0000BF0416 = {
			isa = PBXGroup;
			children = (
				02E4B2282F1160CA00B385C1 /* TeeTimeCaddie */,
				02E4B1D42F1160CA00B385C1 /* TeeTimeCaddieTests */,
				0296EB51301D398700840B06 /* Frameworks */,
				02BA11622A195E0000BF0416 /* Products */,
			);
			sourceTree = "<group>";
		};
		02BA11622A195E0000BF0416 /* Products */ = {
			isa = PBXGroup;
			children = (
				02BA11612A195E0000BF0416 /* TeeTimeCaddie.app */,
				02BA11712A195E0300BF0416 /* TeeTimeCaddieTests.xctest */,
				02BA117B2A195E0300BF0416 /* TeeTimeCaddieUITests.xctest */,
			);
			name = Products;
			sourceTree = "<group>";
		};
/* End PBXGroup section */

/* Begin PBXNativeTarget section */
		02BA11602A195E0000BF0416 /* TeeTimeCaddie */ = {
			isa = PBXNativeTarget;
			buildConfigurationList = 02BA11852A195E0300BF0416 /* Build configuration list for PBXNativeTarget "TeeTimeCaddie" */;
			buildPhases = (
				02BA118E2A19607400BF0416 /* Compile KMP Framework */,
				02BA115D2A195E0000BF0416 /* Sources */,
				02BA115E2A195E0000BF0416 /* Frameworks */,
				02BA115F2A195E0000BF0416 /* Resources */,
				02F5312D2A66D7CF00278F17 /* Copy KMP resources */,
				02A816A12BA37E650068F359 /* Embed Frameworks */,
			);
			buildRules = (
			);
			dependencies = (
			);
			fileSystemSynchronizedGroups = (
				02E4B2282F1160CA00B385C1 /* TeeTimeCaddie */,
			);
			name = TeeTimeCaddie;
			packageProductDependencies = (
				0228D9742A63219500E82209 /* Factory */,
				0219B44C2AE755550043D4B2 /* FirebaseAnalytics */,
				0219B4502AE755550043D4B2 /* FirebaseAuth */,
				0219B4522AE755550043D4B2 /* FirebaseCrashlytics */,
				0219B4582AE755550043D4B2 /* FirebasePerformance */,
				022684712DEA104A0053A48A /* AppInitializers */,
				02FF81502F096D2E007ACD28 /* ThemeUI */,
				0296EB52301D398700840B06 /* FirebaseFirestore */,
			);
			productName = TeeTimeCaddie;
			productReference = 02BA11612A195E0000BF0416 /* TeeTimeCaddie.app */;
			productType = "com.apple.product-type.application";
		};
		02BA11702A195E0300BF0416 /* TeeTimeCaddieTests */ = {
			isa = PBXNativeTarget;
			buildConfigurationList = 02BA11882A195E0300BF0416 /* Build configuration list for PBXNativeTarget "TeeTimeCaddieTests" */;
			buildPhases = (
				02BA116D2A195E0300BF0416 /* Sources */,
				02BA116E2A195E0300BF0416 /* Frameworks */,
				02BA116F2A195E0300BF0416 /* Resources */,
			);
			buildRules = (
			);
			dependencies = (
				02BA11732A195E0300BF0416 /* PBXTargetDependency */,
			);
			fileSystemSynchronizedGroups = (
				02E4B1D42F1160CA00B385C1 /* TeeTimeCaddieTests */,
			);
			name = TeeTimeCaddieTests;
			productName = TeeTimeCaddieTests;
			productReference = 02BA11712A195E0300BF0416 /* TeeTimeCaddieTests.xctest */;
			productType = "com.apple.product-type.bundle.unit-test";
		};
		02BA117A2A195E0300BF0416 /* TeeTimeCaddieUITests */ = {
			isa = PBXNativeTarget;
			buildConfigurationList = 02BA118B2A195E0300BF0416 /* Build configuration list for PBXNativeTarget "TeeTimeCaddieUITests" */;
			buildPhases = (
				02BA11772A195E0300BF0416 /* Sources */,
				02BA11782A195E0300BF0416 /* Frameworks */,
				02BA11792A195E0300BF0416 /* Resources */,
			);
			buildRules = (
			);
			dependencies = (
				02BA117D2A195E0300BF0416 /* PBXTargetDependency */,
			);
			name = TeeTimeCaddieUITests;
			productName = TeeTimeCaddieUITests;
			productReference = 02BA117B2A195E0300BF0416 /* TeeTimeCaddieUITests.xctest */;
			productType = "com.apple.product-type.bundle.ui-testing";
		};
/* End PBXNativeTarget section */

/* Begin PBXProject section */
		02BA11592A195E0000BF0416 /* Project object */ = {
			isa = PBXProject;
			attributes = {
				BuildIndependentTargetsInParallel = 1;
				LastSwiftUpdateCheck = 1520;
				LastUpgradeCheck = 1430;
				TargetAttributes = {
					02BA11602A195E0000BF0416 = {
						CreatedOnToolsVersion = 14.3;
					};
					02BA11702A195E0300BF0416 = {
						CreatedOnToolsVersion = 14.3;
						TestTargetID = 02BA11602A195E0000BF0416;
					};
					02BA117A2A195E0300BF0416 = {
						CreatedOnToolsVersion = 14.3;
						TestTargetID = 02BA11602A195E0000BF0416;
					};
				};
			};
			buildConfigurationList = 02BA115C2A195E0000BF0416 /* Build configuration list for PBXProject "TeeTimeCaddie" */;
			compatibilityVersion = "Xcode 14.0";
			developmentRegion = en;
			hasScannedForEncodings = 0;
			knownRegions = (
				en,
				Base,
			);
			mainGroup = 02BA11582A195E0000BF0416;
			packageReferences = (
				0228D9732A63219400E82209 /* XCRemoteSwiftPackageReference "Factory" */,
				0219B44B2AE755550043D4B2 /* XCRemoteSwiftPackageReference "firebase-ios-sdk" */,
				022684702DEA104A0053A48A /* XCRemoteSwiftPackageReference "SwiftAppInitializers" */,
				02FF814F2F096D2E007ACD28 /* XCRemoteSwiftPackageReference "ThemeUI" */,
			);
			productRefGroup = 02BA11622A195E0000BF0416 /* Products */;
			projectDirPath = "";
			projectRoot = "";
			targets = (
				02BA11602A195E0000BF0416 /* TeeTimeCaddie */,
				02BA11702A195E0300BF0416 /* TeeTimeCaddieTests */,
				02BA117A2A195E0300BF0416 /* TeeTimeCaddieUITests */,
			);
		};
/* End PBXProject section */

/* Begin PBXResourcesBuildPhase section */
		02BA115F2A195E0000BF0416 /* Resources */ = {
			isa = PBXResourcesBuildPhase;
			buildActionMask = 2147483647;
			files = (
			);
			runOnlyForDeploymentPostprocessing = 0;
		};
		02BA116F2A195E0300BF0416 /* Resources */ = {
			isa = PBXResourcesBuildPhase;
			buildActionMask = 2147483647;
			files = (
			);
			runOnlyForDeploymentPostprocessing = 0;
		};
		02BA11792A195E0300BF0416 /* Resources */ = {
			isa = PBXResourcesBuildPhase;
			buildActionMask = 2147483647;
			files = (
			);
			runOnlyForDeploymentPostprocessing = 0;
		};
/* End PBXResourcesBuildPhase section */

/* Begin PBXShellScriptBuildPhase section */
		02BA118E2A19607400BF0416 /* Compile KMP Framework */ = {
			isa = PBXShellScriptBuildPhase;
			buildActionMask = 2147483647;
			files = (
			);
			inputFileListPaths = (
			);
			inputPaths = (
			);
			name = "Compile KMP Framework";
			outputFileListPaths = (
			);
			outputPaths = (
			);
			runOnlyForDeploymentPostprocessing = 0;
			shellPath = /bin/sh;
			shellScript = "if [ \"YES\" = \"$OVERRIDE_KOTLIN_BUILD_IDE_SUPPORTED\" ]; then\n  echo \"Skipping Gradle build task invocation due to OVERRIDE_KOTLIN_BUILD_IDE_SUPPORTED environment variable set to \\\"YES\\\"\"\n  exit 0\nfi\ncd \"$SRCROOT/../..\"\n./gradlew :sdk:embedAndSignAppleFrameworkForXcode\n";
		};
		02F5312D2A66D7CF00278F17 /* Copy KMP resources */ = {
			isa = PBXShellScriptBuildPhase;
			buildActionMask = 2147483647;
			files = (
			);
			inputFileListPaths = (
			);
			inputPaths = (
			);
			name = "Copy KMP resources";
			outputFileListPaths = (
			);
			outputPaths = (
			);
			runOnlyForDeploymentPostprocessing = 0;
			shellPath = /bin/sh;
			shellScript = "cd \"$SRCROOT/../..\"\n./gradlew -p \"$SRCROOT/../../\" :sdk:copyFrameworkResourcesToApp \\\n    -Pmoko.resources.PLATFORM_NAME=\"$PLATFORM_NAME\" \\\n    -Pmoko.resources.CONFIGURATION=\"$CONFIGURATION\" \\\n    -Pmoko.resources.ARCHS=\"$ARCHS\" \\\n    -Pmoko.resources.BUILT_PRODUCTS_DIR=\"$BUILT_PRODUCTS_DIR\" \\\n    -Pmoko.resources.CONTENTS_FOLDER_PATH=\"$CONTENTS_FOLDER_PATH\" \n";
		};
/* End PBXShellScriptBuildPhase section */

/* Begin PBXSourcesBuildPhase section */
		02BA115D2A195E0000BF0416 /* Sources */ = {
			isa = PBXSourcesBuildPhase;
			buildActionMask = 2147483647;
			files = (
			);
			runOnlyForDeploymentPostprocessing = 0;
		};
		02BA116D2A195E0300BF0416 /* Sources */ = {
			isa = PBXSourcesBuildPhase;
			buildActionMask = 2147483647;
			files = (
			);
			runOnlyForDeploymentPostprocessing = 0;
		};
		02BA11772A195E0300BF0416 /* Sources */ = {
			isa = PBXSourcesBuildPhase;
			buildActionMask = 2147483647;
			files = (
			);
			runOnlyForDeploymentPostprocessing = 0;
		};
/* End PBXSourcesBuildPhase section */

/* Begin PBXTargetDependency section */
		02BA11732A195E0300BF0416 /* PBXTargetDependency */ = {
			isa = PBXTargetDependency;
			target = 02BA11602A195E0000BF0416 /* TeeTimeCaddie */;
			targetProxy = 02BA11722A195E0300BF0416 /* PBXContainerItemProxy */;
		};
		02BA117D2A195E0300BF0416 /* PBXTargetDependency */ = {
			isa = PBXTargetDependency;
			target = 02BA11602A195E0000BF0416 /* TeeTimeCaddie */;
			targetProxy = 02BA117C2A195E0300BF0416 /* PBXContainerItemProxy */;
		};
/* End PBXTargetDependency section */

/* Begin XCBuildConfiguration section */
		02BA11832A195E0300BF0416 /* Debug */ = {
			isa = XCBuildConfiguration;
			buildSettings = {
				ALWAYS_SEARCH_USER_PATHS = NO;
				CLANG_ANALYZER_NONNULL = YES;
				CLANG_ANALYZER_NUMBER_OBJECT_CONVERSION = YES_AGGRESSIVE;
				CLANG_CXX_LANGUAGE_STANDARD = "gnu++20";
				CLANG_ENABLE_MODULES = YES;
				CLANG_ENABLE_OBJC_ARC = YES;
				CLANG_ENABLE_OBJC_WEAK = YES;
				CLANG_WARN_BLOCK_CAPTURE_AUTORELEASING = YES;
				CLANG_WARN_BOOL_CONVERSION = YES;
				CLANG_WARN_COMMA = YES;
				CLANG_WARN_CONSTANT_CONVERSION = YES;
				CLANG_WARN_DEPRECATED_OBJC_IMPLEMENTATIONS = YES;
				CLANG_WARN_DIRECT_OBJC_ISA_USAGE = YES_ERROR;
				CLANG_WARN_DOCUMENTATION_COMMENTS = YES;
				CLANG_WARN_EMPTY_BODY = YES;
				CLANG_WARN_ENUM_CONVERSION = YES;
				CLANG_WARN_INFINITE_RECURSION = YES;
				CLANG_WARN_INT_CONVERSION = YES;
				CLANG_WARN_NON_LITERAL_NULL_CONVERSION = YES;
				CLANG_WARN_OBJC_IMPLICIT_RETAIN_SELF = YES;
				CLANG_WARN_OBJC_LITERAL_CONVERSION = YES;
				CLANG_WARN_OBJC_ROOT_CLASS = YES_ERROR;
				CLANG_WARN_QUOTED_INCLUDE_IN_FRAMEWORK_HEADER = YES;
				CLANG_WARN_RANGE_LOOP_ANALYSIS = YES;
				CLANG_WARN_STRICT_PROTOTYPES = YES;
				CLANG_WARN_SUSPICIOUS_MOVE = YES;
				CLANG_WARN_UNGUARDED_AVAILABILITY = YES_AGGRESSIVE;
				CLANG_WARN_UNREACHABLE_CODE = YES;
				CLANG_WARN__DUPLICATE_METHOD_MATCH = YES;
				COPY_PHASE_STRIP = NO;
				DEBUG_INFORMATION_FORMAT = dwarf;
				ENABLE_STRICT_OBJC_MSGSEND = YES;
				ENABLE_TESTABILITY = YES;
				GCC_C_LANGUAGE_STANDARD = gnu11;
				GCC_DYNAMIC_NO_PIC = NO;
				GCC_NO_COMMON_BLOCKS = YES;
				GCC_OPTIMIZATION_LEVEL = 0;
				GCC_PREPROCESSOR_DEFINITIONS = (
					"DEBUG=1",
					"$(inherited)",
				);
				GCC_WARN_64_TO_32_BIT_CONVERSION = YES;
				GCC_WARN_ABOUT_RETURN_TYPE = YES_ERROR;
				GCC_WARN_UNDECLARED_SELECTOR = YES;
				GCC_WARN_UNINITIALIZED_AUTOS = YES_AGGRESSIVE;
				GCC_WARN_UNUSED_FUNCTION = YES;
				GCC_WARN_UNUSED_VARIABLE = YES;
				IPHONEOS_DEPLOYMENT_TARGET = 17.6;
				MTL_ENABLE_DEBUG_INFO = INCLUDE_SOURCE;
				MTL_FAST_MATH = YES;
				ONLY_ACTIVE_ARCH = YES;
				SDKROOT = iphoneos;
				SWIFT_ACTIVE_COMPILATION_CONDITIONS = DEBUG;
				SWIFT_OPTIMIZATION_LEVEL = "-Onone";
			};
			name = Debug;
		};
		02BA11842A195E0300BF0416 /* Release */ = {
			isa = XCBuildConfiguration;
			buildSettings = {
				ALWAYS_SEARCH_USER_PATHS = NO;
				CLANG_ANALYZER_NONNULL = YES;
				CLANG_ANALYZER_NUMBER_OBJECT_CONVERSION = YES_AGGRESSIVE;
				CLANG_CXX_LANGUAGE_STANDARD = "gnu++20";
				CLANG_ENABLE_MODULES = YES;
				CLANG_ENABLE_OBJC_ARC = YES;
				CLANG_ENABLE_OBJC_WEAK = YES;
				CLANG_WARN_BLOCK_CAPTURE_AUTORELEASING = YES;
				CLANG_WARN_BOOL_CONVERSION = YES;
				CLANG_WARN_COMMA = YES;
				CLANG_WARN_CONSTANT_CONVERSION = YES;
				CLANG_WARN_DEPRECATED_OBJC_IMPLEMENTATIONS = YES;
				CLANG_WARN_DIRECT_OBJC_ISA_USAGE = YES_ERROR;
				CLANG_WARN_DOCUMENTATION_COMMENTS = YES;
				CLANG_WARN_EMPTY_BODY = YES;
				CLANG_WARN_ENUM_CONVERSION = YES;
				CLANG_WARN_INFINITE_RECURSION = YES;
				CLANG_WARN_INT_CONVERSION = YES;
				CLANG_WARN_NON_LITERAL_NULL_CONVERSION = YES;
				CLANG_WARN_OBJC_IMPLICIT_RETAIN_SELF = YES;
				CLANG_WARN_OBJC_LITERAL_CONVERSION = YES;
				CLANG_WARN_OBJC_ROOT_CLASS = YES_ERROR;
				CLANG_WARN_QUOTED_INCLUDE_IN_FRAMEWORK_HEADER = YES;
				CLANG_WARN_RANGE_LOOP_ANALYSIS = YES;
				CLANG_WARN_STRICT_PROTOTYPES = YES;
				CLANG_WARN_SUSPICIOUS_MOVE = YES;
				CLANG_WARN_UNGUARDED_AVAILABILITY = YES_AGGRESSIVE;
				CLANG_WARN_UNREACHABLE_CODE = YES;
				CLANG_WARN__DUPLICATE_METHOD_MATCH = YES;
				COPY_PHASE_STRIP = NO;
				DEBUG_INFORMATION_FORMAT = "dwarf-with-dsym";
				ENABLE_NS_ASSERTIONS = NO;
				ENABLE_STRICT_OBJC_MSGSEND = YES;
				GCC_C_LANGUAGE_STANDARD = gnu11;
				GCC_NO_COMMON_BLOCKS = YES;
				GCC_WARN_64_TO_32_BIT_CONVERSION = YES;
				GCC_WARN_ABOUT_RETURN_TYPE = YES_ERROR;
				GCC_WARN_UNDECLARED_SELECTOR = YES;
				GCC_WARN_UNINITIALIZED_AUTOS = YES_AGGRESSIVE;
				GCC_WARN_UNUSED_FUNCTION = YES;
				GCC_WARN_UNUSED_VARIABLE = YES;
				IPHONEOS_DEPLOYMENT_TARGET = 17.6;
				MTL_ENABLE_DEBUG_INFO = NO;
				MTL_FAST_MATH = YES;
				SDKROOT = iphoneos;
				SWIFT_COMPILATION_MODE = wholemodule;
				SWIFT_OPTIMIZATION_LEVEL = "-O";
				VALIDATE_PRODUCT = YES;
			};
			name = Release;
		};
		02BA11862A195E0300BF0416 /* Debug */ = {
			isa = XCBuildConfiguration;
			buildSettings = {
				ASSETCATALOG_COMPILER_APPICON_NAME = AppIcon;
				ASSETCATALOG_COMPILER_GLOBAL_ACCENT_COLOR_NAME = Purple600;
				CODE_SIGN_STYLE = Automatic;
				CURRENT_PROJECT_VERSION = 1;
				DEVELOPMENT_ASSET_PATHS = "\"TeeTimeCaddie/Resources/Preview Content\"";
				DEVELOPMENT_TEAM = XDJPMNG2Q7;
				ENABLE_PREVIEWS = YES;
				FRAMEWORK_SEARCH_PATHS = (
					"$(inherited)",
					"$(SRCROOT)/../../sdk/build/xcode-frameworks/$(CONFIGURATION)/$(SDK_NAME)",
				);
				GENERATE_INFOPLIST_FILE = YES;
				INFOPLIST_FILE = TeeTimeCaddie/Resources/Info.plist;
				INFOPLIST_KEY_UIApplicationSceneManifest_Generation = YES;
				INFOPLIST_KEY_UIApplicationSupportsIndirectInputEvents = YES;
				INFOPLIST_KEY_UILaunchScreen_Generation = YES;
				INFOPLIST_KEY_UISupportedInterfaceOrientations_iPad = "UIInterfaceOrientationPortrait UIInterfaceOrientationPortraitUpsideDown UIInterfaceOrientationLandscapeLeft UIInterfaceOrientationLandscapeRight";
				INFOPLIST_KEY_UISupportedInterfaceOrientations_iPhone = "UIInterfaceOrientationPortrait UIInterfaceOrientationLandscapeLeft UIInterfaceOrientationLandscapeRight";
				IPHONEOS_DEPLOYMENT_TARGET = 17.0;
				LD_RUNPATH_SEARCH_PATHS = (
					"$(inherited)",
					"@executable_path/Frameworks",
				);
				MARKETING_VERSION = 1.0;
				PRODUCT_BUNDLE_IDENTIFIER = net.bradball.teetimecaddie.ios;
				PRODUCT_NAME = "$(TARGET_NAME)";
				SWIFT_DEFAULT_ACTOR_ISOLATION = MainActor;
				SWIFT_EMIT_LOC_STRINGS = YES;
				SWIFT_VERSION = 5.0;
				TARGETED_DEVICE_FAMILY = "1,2";
			};
			name = Debug;
		};
		02BA11872A195E0300BF0416 /* Release */ = {
			isa = XCBuildConfiguration;
			buildSettings = {
				ASSETCATALOG_COMPILER_APPICON_NAME = AppIcon;
				ASSETCATALOG_COMPILER_GLOBAL_ACCENT_COLOR_NAME = Purple600;
				CODE_SIGN_STYLE = Automatic;
				CURRENT_PROJECT_VERSION = 1;
				DEVELOPMENT_ASSET_PATHS = "\"TeeTimeCaddie/Resources/Preview Content\"";
				DEVELOPMENT_TEAM = XDJPMNG2Q7;
				ENABLE_PREVIEWS = YES;
				FRAMEWORK_SEARCH_PATHS = (
					"$(inherited)",
					"$(SRCROOT)/../../sdk/build/xcode-frameworks/$(CONFIGURATION)/$(SDK_NAME)",
				);
				GENERATE_INFOPLIST_FILE = YES;
				INFOPLIST_FILE = TeeTimeCaddie/Resources/Info.plist;
				INFOPLIST_KEY_UIApplicationSceneManifest_Generation = YES;
				INFOPLIST_KEY_UIApplicationSupportsIndirectInputEvents = YES;
				INFOPLIST_KEY_UILaunchScreen_Generation = YES;
				INFOPLIST_KEY_UISupportedInterfaceOrientations_iPad = "UIInterfaceOrientationPortrait UIInterfaceOrientationPortraitUpsideDown UIInterfaceOrientationLandscapeLeft UIInterfaceOrientationLandscapeRight";
				INFOPLIST_KEY_UISupportedInterfaceOrientations_iPhone = "UIInterfaceOrientationPortrait UIInterfaceOrientationLandscapeLeft UIInterfaceOrientationLandscapeRight";
				IPHONEOS_DEPLOYMENT_TARGET = 17.0;
				LD_RUNPATH_SEARCH_PATHS = (
					"$(inherited)",
					"@executable_path/Frameworks",
				);
				MARKETING_VERSION = 1.0;
				PRODUCT_BUNDLE_IDENTIFIER = net.bradball.teetimecaddie.ios;
				PRODUCT_NAME = "$(TARGET_NAME)";
				SWIFT_DEFAULT_ACTOR_ISOLATION = MainActor;
				SWIFT_EMIT_LOC_STRINGS = YES;
				SWIFT_VERSION = 5.0;
				TARGETED_DEVICE_FAMILY = "1,2";
			};
			name = Release;
		};
		02BA11892A195E0300BF0416 /* Debug */ = {
			isa = XCBuildConfiguration;
			buildSettings = {
				BUNDLE_LOADER = "$(TEST_HOST)";
				CODE_SIGN_STYLE = Automatic;
				CURRENT_PROJECT_VERSION = 1;
				DEVELOPMENT_TEAM = XDJPMNG2Q7;
				GENERATE_INFOPLIST_FILE = YES;
				IPHONEOS_DEPLOYMENT_TARGET = 17.0;
				MARKETING_VERSION = 1.0;
				PRODUCT_BUNDLE_IDENTIFIER = net.bradball.TeeTimeCaddieTests;
				PRODUCT_NAME = "$(TARGET_NAME)";
				SWIFT_EMIT_LOC_STRINGS = NO;
				SWIFT_VERSION = 5.0;
				TARGETED_DEVICE_FAMILY = "1,2";
				TEST_HOST = "$(BUILT_PRODUCTS_DIR)/TeeTimeCaddie.app/$(BUNDLE_EXECUTABLE_FOLDER_PATH)/TeeTimeCaddie";
			};
			name = Debug;
		};
		02BA118A2A195E0300BF0416 /* Release */ = {
			isa = XCBuildConfiguration;
			buildSettings = {
				BUNDLE_LOADER = "$(TEST_HOST)";
				CODE_SIGN_STYLE = Automatic;
				CURRENT_PROJECT_VERSION = 1;
				DEVELOPMENT_TEAM = XDJPMNG2Q7;
				GENERATE_INFOPLIST_FILE = YES;
				IPHONEOS_DEPLOYMENT_TARGET = 17.0;
				MARKETING_VERSION = 1.0;
				PRODUCT_BUNDLE_IDENTIFIER = net.bradball.TeeTimeCaddieTests;
				PRODUCT_NAME = "$(TARGET_NAME)";
				SWIFT_EMIT_LOC_STRINGS = NO;
				SWIFT_VERSION = 5.0;
				TARGETED_DEVICE_FAMILY = "1,2";
				TEST_HOST = "$(BUILT_PRODUCTS_DIR)/TeeTimeCaddie.app/$(BUNDLE_EXECUTABLE_FOLDER_PATH)/TeeTimeCaddie";
			};
			name = Release;
		};
		02BA118C2A195E0300BF0416 /* Debug */ = {
			isa = XCBuildConfiguration;
			buildSettings = {
				CODE_SIGN_STYLE = Automatic;
				CURRENT_PROJECT_VERSION = 1;
				DEVELOPMENT_TEAM = XDJPMNG2Q7;
				GENERATE_INFOPLIST_FILE = YES;
				IPHONEOS_DEPLOYMENT_TARGET = 17.0;
				MARKETING_VERSION = 1.0;
				PRODUCT_BUNDLE_IDENTIFIER = net.bradball.TeeTimeCaddieUITests;
				PRODUCT_NAME = "$(TARGET_NAME)";
				SWIFT_EMIT_LOC_STRINGS = NO;
				SWIFT_VERSION = 5.0;
				TARGETED_DEVICE_FAMILY = "1,2";
				TEST_TARGET_NAME = TeeTimeCaddie;
			};
			name = Debug;
		};
		02BA118D2A195E0300BF0416 /* Release */ = {
			isa = XCBuildConfiguration;
			buildSettings = {
				CODE_SIGN_STYLE = Automatic;
				CURRENT_PROJECT_VERSION = 1;
				DEVELOPMENT_TEAM = XDJPMNG2Q7;
				GENERATE_INFOPLIST_FILE = YES;
				IPHONEOS_DEPLOYMENT_TARGET = 17.0;
				MARKETING_VERSION = 1.0;
				PRODUCT_BUNDLE_IDENTIFIER = net.bradball.TeeTimeCaddieUITests;
				PRODUCT_NAME = "$(TARGET_NAME)";
				SWIFT_EMIT_LOC_STRINGS = NO;
				SWIFT_VERSION = 5.0;
				TARGETED_DEVICE_FAMILY = "1,2";
				TEST_TARGET_NAME = TeeTimeCaddie;
			};
			name = Release;
		};
/* End XCBuildConfiguration section */

/* Begin XCConfigurationList section */
		02BA115C2A195E0000BF0416 /* Build configuration list for PBXProject "TeeTimeCaddie" */ = {
			isa = XCConfigurationList;
			buildConfigurations = (
				02BA11832A195E0300BF0416 /* Debug */,
				02BA11842A195E0300BF0416 /* Release */,
			);
			defaultConfigurationIsVisible = 0;
			defaultConfigurationName = Release;
		};
		02BA11852A195E0300BF0416 /* Build configuration list for PBXNativeTarget "TeeTimeCaddie" */ = {
			isa = XCConfigurationList;
			buildConfigurations = (
				02BA11862A195E0300BF0416 /* Debug */,
				02BA11872A195E0300BF0416 /* Release */,
			);
			defaultConfigurationIsVisible = 0;
			defaultConfigurationName = Release;
		};
		02BA11882A195E0300BF0416 /* Build configuration list for PBXNativeTarget "TeeTimeCaddieTests" */ = {
			isa = XCConfigurationList;
			buildConfigurations = (
				02BA11892A195E0300BF0416 /* Debug */,
				02BA118A2A195E0300BF0416 /* Release */,
			);
			defaultConfigurationIsVisible = 0;
			defaultConfigurationName = Release;
		};
		02BA118B2A195E0300BF0416 /* Build configuration list for PBXNativeTarget "TeeTimeCaddieUITests" */ = {
			isa = XCConfigurationList;
			buildConfigurations = (
				02BA118C2A195E0300BF0416 /* Debug */,
				02BA118D2A195E0300BF0416 /* Release */,
			);
			defaultConfigurationIsVisible = 0;
			defaultConfigurationName = Release;
		};
/* End XCConfigurationList section */

/* Begin XCRemoteSwiftPackageReference section */
		0219B44B2AE755550043D4B2 /* XCRemoteSwiftPackageReference "firebase-ios-sdk" */ = {
			isa = XCRemoteSwiftPackageReference;
			repositoryURL = "https://github.com/firebase/firebase-ios-sdk";
			requirement = {
				kind = exactVersion;
				version = 12.17.0;
			};
		};
		022684702DEA104A0053A48A /* XCRemoteSwiftPackageReference "SwiftAppInitializers" */ = {
			isa = XCRemoteSwiftPackageReference;
			repositoryURL = "https://github.com/Bradleycorn/SwiftAppInitializers.git";
			requirement = {
				kind = exactVersion;
				version = 1.0.0;
			};
		};
		0228D9732A63219400E82209 /* XCRemoteSwiftPackageReference "Factory" */ = {
			isa = XCRemoteSwiftPackageReference;
			repositoryURL = "https://github.com/hmlongco/Factory";
			requirement = {
				kind = exactVersion;
				version = 2.2.0;
			};
		};
		02FF814F2F096D2E007ACD28 /* XCRemoteSwiftPackageReference "ThemeUI" */ = {
			isa = XCRemoteSwiftPackageReference;
			repositoryURL = "https://github.com/bradleycorn/ThemeUI";
			requirement = {
				kind = exactVersion;
				version = 1.0.0;
			};
		};
/* End XCRemoteSwiftPackageReference section */

/* Begin XCSwiftPackageProductDependency section */
		0219B44C2AE755550043D4B2 /* FirebaseAnalytics */ = {
			isa = XCSwiftPackageProductDependency;
			package = 0219B44B2AE755550043D4B2 /* XCRemoteSwiftPackageReference "firebase-ios-sdk" */;
			productName = FirebaseAnalytics;
		};
		0219B4502AE755550043D4B2 /* FirebaseAuth */ = {
			isa = XCSwiftPackageProductDependency;
			package = 0219B44B2AE755550043D4B2 /* XCRemoteSwiftPackageReference "firebase-ios-sdk" */;
			productName = FirebaseAuth;
		};
		0219B4522AE755550043D4B2 /* FirebaseCrashlytics */ = {
			isa = XCSwiftPackageProductDependency;
			package = 0219B44B2AE755550043D4B2 /* XCRemoteSwiftPackageReference "firebase-ios-sdk" */;
			productName = FirebaseCrashlytics;
		};
		0219B4582AE755550043D4B2 /* FirebasePerformance */ = {
			isa = XCSwiftPackageProductDependency;
			package = 0219B44B2AE755550043D4B2 /* XCRemoteSwiftPackageReference "firebase-ios-sdk" */;
			productName = FirebasePerformance;
		};
		022684712DEA104A0053A48A /* AppInitializers */ = {
			isa = XCSwiftPackageProductDependency;
			package = 022684702DEA104A0053A48A /* XCRemoteSwiftPackageReference "SwiftAppInitializers" */;
			productName = AppInitializers;
		};
		0228D9742A63219500E82209 /* Factory */ = {
			isa = XCSwiftPackageProductDependency;
			package = 0228D9732A63219400E82209 /* XCRemoteSwiftPackageReference "Factory" */;
			productName = Factory;
		};
		0296EB52301D398700840B06 /* FirebaseFirestore */ = {
			isa = XCSwiftPackageProductDependency;
			package = 0219B44B2AE755550043D4B2 /* XCRemoteSwiftPackageReference "firebase-ios-sdk" */;
			productName = FirebaseFirestore;
		};
		02FF81502F096D2E007ACD28 /* ThemeUI */ = {
			isa = XCSwiftPackageProductDependency;
			package = 02FF814F2F096D2E007ACD28 /* XCRemoteSwiftPackageReference "ThemeUI" */;
			productName = ThemeUI;
		};
/* End XCSwiftPackageProductDependency section */
	};
	rootObject = 02BA11592A195E0000BF0416 /* Project object */;
}
